// !$*UTF8*$!
{
	archiveVersion = 1;
	classes = {
	};
	objectVersion = 50;
	objects = {

/* Begin PBXBuildFile section */
		7FD954A2261A98B500AE7F7E /* AppDelegate.swift in Sources */ = {isa = PBXBuildFile; fileRef = 7FD954A1261A98B500AE7F7E /* AppDelegate.swift */; };
		7FD954A4261A98B500AE7F7E /* SceneDelegate.swift in Sources */ = {isa = PBXBuildFile; fileRef = 7FD954A3261A98B500AE7F7E /* SceneDelegate.swift */; };
		7FD954A6261A98B500AE7F7E /* ViewController.swift in Sources */ = {isa = PBXBuildFile; fileRef = 7FD954A5261A98B500AE7F7E /* ViewController.swift */; };
		7FD954A9261A98B700AE7F7E /* Main.storyboard in Resources */ = {isa = PBXBuildFile; fileRef = 7FD954A7261A98B700AE7F7E /* Main.storyboard */; };
		7FD954AB261A98E300AE7F7E /* Assets.xcassets in Resources */ = {isa = PBXBuildFile; fileRef = 7FD954AA261A98E300AE7F7E /* Assets.xcassets */; };
		7FD954AE261A98E300AE7F7E /* LaunchScreen.storyboard in Resources */ = {isa = PBXBuildFile; fileRef = 7FD954AC261A98E300AE7F7E /* LaunchScreen.storyboard */; };
		7FD954B9261A98E500AE7F7E /* MVVM_REST_APITests.swift in Sources */ = {isa = PBXBuildFile; fileRef = 7FD954B8261A98E500AE7F7E /* MVVM_REST_APITests.swift */; };
		7FD954C4261A98E500AE7F7E /* MVVM_REST_APIUITests.swift in Sources */ = {isa = PBXBuildFile; fileRef = 7FD954C3261A98E500AE7F7E /* MVVM_REST_APIUITests.swift */; };
		7FD954D6261AEF3200AE7F7E /* UserModel.swift in Sources */ = {isa = PBXBuildFile; fileRef = 7FD954D5261AEF3200AE7F7E /* UserModel.swift */; };
		7FD954DC261AF36700AE7F7E /* Parser.swift in Sources */ = {isa = PBXBuildFile; fileRef = 7FD954DB261AF36700AE7F7E /* Parser.swift */; };
/* End PBXBuildFile section */

/* Begin PBXContainerItemProxy section */
		7FD954B5261A98E500AE7F7E /* PBXContainerItemProxy */ = {
			isa = PBXContainerItemProxy;
			containerPortal = 7FD95496261A98B300AE7F7E /* Project object */;
			proxyType = 1;
			remoteGlobalIDString = 7FD9549D261A98B400AE7F7E;
			remoteInfo = "MVVM-REST-API";
		};
		7FD954C0261A98E500AE7F7E /* PBXContainerItemProxy */ = {
			isa = PBXContainerItemProxy;
			containerPortal = 7FD95496261A98B300AE7F7E /* Project object */;
			proxyType = 1;
			remoteGlobalIDString = 7FD9549D261A98B400AE7F7E;
			remoteInfo = "MVVM-REST-API";
		};
/* End PBXContainerItemProxy section */

/* Begin PBXFileReference section */
		7FD9549E261A98B500AE7F7E /* MVVM-REST-API.app */ = {isa = PBXFileReference; explicitFileType = wrapper.application; includeInIndex = 0; path = "MVVM-REST-API.app"; sourceTree = BUILT_PRODUCTS_DIR; };
		7FD954A1261A98B500AE7F7E /* AppDelegate.swift */ = {isa = PBXFileReference; lastKnownFileType = sourcecode.swift; path = AppDelegate.swift; sourceTree = "<group>"; };
		7FD954A3261A98B500AE7F7E /* SceneDelegate.swift */ = {isa = PBXFileReference; lastKnownFileType = sourcecode.swift; path = SceneDelegate.swift; sourceTree = "<group>"; };
		7FD954A5261A98B500AE7F7E /* ViewController.swift */ = {isa = PBXFileReference; lastKnownFileType = sourcecode.swift; path = ViewController.swift; sourceTree = "<group>"; };
		7FD954A8261A98B700AE7F7E /* Base */ = {isa = PBXFileReference; lastKnownFileType = file.storyboard; name = Base; path = Base.lproj/Main.storyboard; sourceTree = "<group>"; };
		7FD954AA261A98E300AE7F7E /* Assets.xcassets */ = {isa = PBXFileReference; lastKnownFileType = folder.assetcatalog; path = Assets.xcassets; sourceTree = "<group>"; };
		7FD954AD261A98E300AE7F7E /* Base */ = {isa = PBXFileReference; lastKnownFileType = file.storyboard; name = Base; path = Base.lproj/LaunchScreen.storyboard; sourceTree = "<group>"; };
		7FD954AF261A98E300AE7F7E /* Info.plist */ = {isa = PBXFileReference; lastKnownFileType = text.plist.xml; path = Info.plist; sourceTree = "<group>"; };
		7FD954B4261A98E500AE7F7E /* MVVM-REST-APITests.xctest */ = {isa = PBXFileReference; explicitFileType = wrapper.cfbundle; includeInIndex = 0; path = "MVVM-REST-APITests.xctest"; sourceTree = BUILT_PRODUCTS_DIR; };
		7FD954B8261A98E500AE7F7E /* MVVM_REST_APITests.swift */ = {isa = PBXFileReference; lastKnownFileType = sourcecode.swift; path = MVVM_REST_APITests.swift; sourceTree = "<group>"; };
		7FD954BA261A98E500AE7F7E /* Info.plist */ = {isa = PBXFileReference; lastKnownFileType = text.plist.xml; path = Info.plist; sourceTree = "<group>"; };
		7FD954BF261A98E500AE7F7E /* MVVM-REST-APIUITests.xctest */ = {isa = PBXFileReference; explicitFileType = wrapper.cfbundle; includeInIndex = 0; path = "MVVM-REST-APIUITests.xctest"; sourceTree = BUILT_PRODUCTS_DIR; };
		7FD954C3261A98E500AE7F7E /* MVVM_REST_APIUITests.swift */ = {isa = PBXFileReference; lastKnownFileType = sourcecode.swift; path = MVVM_REST_APIUITests.swift; sourceTree = "<group>"; };
		7FD954C5261A98E500AE7F7E /* Info.plist */ = {isa = PBXFileReference; lastKnownFileType = text.plist.xml; path = Info.plist; sourceTree = "<group>"; };
		7FD954D5261AEF3200AE7F7E /* UserModel.swift */ = {isa = PBXFileReference; lastKnownFileType = sourcecode.swift; path = UserModel.swift; sourceTree = "<group>"; };
		7FD954DB261AF36700AE7F7E /* Parser.swift */ = {isa = PBXFileReference; lastKnownFileType = sourcecode.swift; path = Parser.swift; sourceTree = "<group>"; };
/* End PBXFileReference section */

/* Begin PBXFrameworksBuildPhase section */
		7FD9549B261A98B400AE7F7E /* Frameworks */ = {
			isa = PBXFrameworksBuildPhase;
			buildActionMask = 2147483647;
			files = (
			);
			runOnlyForDeploymentPostprocessing = 0;
		};
		7FD954B1261A98E500AE7F7E /* Frameworks */ = {
			isa = PBXFrameworksBuildPhase;
			buildActionMask = 2147483647;
			files = (
			);
			runOnlyForDeploymentPostprocessing = 0;
		};
		7FD954BC261A98E500AE7F7E /* Frameworks */ = {
			isa = PBXFrameworksBuildPhase;
			buildActionMask = 2147483647;
			files = (
			);
			runOnlyForDeploymentPostprocessing = 0;
		};
/* End PBXFrameworksBuildPhase section */

/* Begin PBXGroup section */
		7FD95495261A98B000AE7F7E = {
			isa = PBXGroup;
			children = (
				7FD954A0261A98B500AE7F7E /* MVVM-REST-API */,
				7FD954B7261A98E500AE7F7E /* MVVM-REST-APITests */,
				7FD954C2261A98E500AE7F7E /* MVVM-REST-APIUITests */,
				7FD9549F261A98B500AE7F7E /* Products */,
			);
			sourceTree = "<group>";
		};
		7FD9549F261A98B500AE7F7E /* Products */ = {
			isa = PBXGroup;
			children = (
				7FD9549E261A98B500AE7F7E /* MVVM-REST-API.app */,
				7FD954B4261A98E500AE7F7E /* MVVM-REST-APITests.xctest */,
				7FD954BF261A98E500AE7F7E /* MVVM-REST-APIUITests.xctest */,
			);
			name = Products;
			sourceTree = "<group>";
		};
		7FD954A0261A98B500AE7F7E /* MVVM-REST-API */ = {
			isa = PBXGroup;
			children = (
				7FD954E5261AF90600AE7F7E /* Storyboard */,
				7FD954E0261AF58000AE7F7E /* Controller */,
				7FD954DA261AF05A00AE7F7E /* ViewModel */,
				7FD954D4261AEF0900AE7F7E /* Model */,
				7FD954A1261A98B500AE7F7E /* AppDelegate.swift */,
				7FD954A3261A98B500AE7F7E /* SceneDelegate.swift */,
				7FD954AA261A98E300AE7F7E /* Assets.xcassets */,
				7FD954AC261A98E300AE7F7E /* LaunchScreen.storyboard */,
				7FD954AF261A98E300AE7F7E /* Info.plist */,
			);
			path = "MVVM-REST-API";
			sourceTree = "<group>";
		};
		7FD954B7261A98E500AE7F7E /* MVVM-REST-APITests */ = {
			isa = PBXGroup;
			children = (
				7FD954B8261A98E500AE7F7E /* MVVM_REST_APITests.swift */,
				7FD954BA261A98E500AE7F7E /* Info.plist */,
			);
			path = "MVVM-REST-APITests";
			sourceTree = "<group>";
		};
		7FD954C2261A98E500AE7F7E /* MVVM-REST-APIUITests */ = {
			isa = PBXGroup;
			children = (
				7FD954C3261A98E500AE7F7E /* MVVM_REST_APIUITests.swift */,
				7FD954C5261A98E500AE7F7E /* Info.plist */,
			);
			path = "MVVM-REST-APIUITests";
			sourceTree = "<group>";
		};
		7FD954D4261AEF0900AE7F7E /* Model */ = {
			isa = PBXGroup;
			children = (
				7FD954D5261AEF3200AE7F7E /* UserModel.swift */,
			);
			path = Model;
			sourceTree = "<group>";
		};
		7FD954DA261AF05A00AE7F7E /* ViewModel */ = {
			isa = PBXGroup;
			children = (
				7FD954DB261AF36700AE7F7E /* Parser.swift */,
			);
			path = ViewModel;
			sourceTree = "<group>";
		};
		7FD954E0261AF58000AE7F7E /* Controller */ = {
			isa = PBXGroup;
			children = (
				7FD954A5261A98B500AE7F7E /* ViewController.swift */,
			);
			path = Controller;
			sourceTree = "<group>";
		};
		7FD954E5261AF90600AE7F7E /* Storyboard */ = {
			isa = PBXGroup;
			children = (
				7FD954A7261A98B700AE7F7E /* Main.storyboard */,
			);
			path = Storyboard;
			sourceTree = "<group>";
		};
/* End PBXGroup section */

/* Begin PBXNativeTarget section */
		7FD9549D261A98B400AE7F7E /* MVVM-REST-API */ = {
			isa = PBXNativeTarget;
			buildConfigurationList = 7FD954C8261A98E500AE7F7E /* Build configuration list for PBXNativeTarget "MVVM-REST-API" */;
			buildPhases = (
				7FD9549A261A98B400AE7F7E /* Sources */,
				7FD9549B261A98B400AE7F7E /* Frameworks */,
				7FD9549C261A98B400AE7F7E /* Resources */,
			);
			buildRules = (
			);
			dependencies = (
			);
			name = "MVVM-REST-API";
			productName = "MVVM-REST-API";
			productReference = 7FD9549E261A98B500AE7F7E /* MVVM-REST-API.app */;
			productType = "com.apple.product-type.application";
		};
		7FD954B3261A98E500AE7F7E /* MVVM-REST-APITests */ = {
			isa = PBXNativeTarget;
			buildConfigurationList = 7FD954CB261A98E500AE7F7E /* Build configuration list for PBXNativeTarget "MVVM-REST-APITests" */;
			buildPhases = (
				7FD954B0261A98E500AE7F7E /* Sources */,
				7FD954B1261A98E500AE7F7E /* Frameworks */,
				7FD954B2261A98E500AE7F7E /* Resources */,
			);
			buildRules = (
			);
			dependencies = (
				7FD954B6261A98E500AE7F7E /* PBXTargetDependency */,
			);
			name = "MVVM-REST-APITests";
			productName = "MVVM-REST-APITests";
			productReference = 7FD954B4261A98E500AE7F7E /* MVVM-REST-APITests.xctest */;
			productType = "com.apple.product-type.bundle.unit-test";
		};
		7FD954BE261A98E500AE7F7E /* MVVM-REST-APIUITests */ = {
			isa = PBXNativeTarget;
			buildConfigurationList = 7FD954CE261A98E500AE7F7E /* Build configuration list for PBXNativeTarget "MVVM-REST-APIUITests" */;
			buildPhases = (
				7FD954BB261A98E500AE7F7E /* Sources */,
				7FD954BC261A98E500AE7F7E /* Frameworks */,
				7FD954BD261A98E500AE7F7E /* Resources */,
			);
			buildRules = (
			);
			dependencies = (
				7FD954C1261A98E500AE7F7E /* PBXTargetDependency */,
			);
			name = "MVVM-REST-APIUITests";
			productName = "MVVM-REST-APIUITests";
			productReference = 7FD954BF261A98E500AE7F7E /* MVVM-REST-APIUITests.xctest */;
			productType = "com.apple.product-type.bundle.ui-testing";
		};
/* End PBXNativeTarget section */

/* Begin PBXProject section */
		7FD95496261A98B300AE7F7E /* Project object */ = {
			isa = PBXProject;
			attributes = {
				LastSwiftUpdateCheck = 1240;
				LastUpgradeCheck = 1240;
				TargetAttributes = {
					7FD9549D261A98B400AE7F7E = {
						CreatedOnToolsVersion = 12.4;
					};
					7FD954B3261A98E500AE7F7E = {
						CreatedOnToolsVersion = 12.4;
						TestTargetID = 7FD9549D261A98B400AE7F7E;
					};
					7FD954BE261A98E500AE7F7E = {
						CreatedOnToolsVersion = 12.4;
						TestTargetID = 7FD9549D261A98B400AE7F7E;
					};
				};
			};
			buildConfigurationList = 7FD95499261A98B300AE7F7E /* Build configuration list for PBXProject "MVVM-REST-API" */;
			compatibilityVersion = "Xcode 9.3";
			developmentRegion = en;
			hasScannedForEncodings = 0;
			knownRegions = (
				en,
				Base,
			);
			mainGroup = 7FD95495261A98B000AE7F7E;
			productRefGroup = 7FD9549F261A98B500AE7F7E /* Products */;
			projectDirPath = "";
			projectRoot = "";
			targets = (
				7FD9549D261A98B400AE7F7E /* MVVM-REST-API */,
				7FD954B3261A98E500AE7F7E /* MVVM-REST-APITests */,
				7FD954BE261A98E500AE7F7E /* MVVM-REST-APIUITests */,
			);
		};
/* End PBXProject section */

/* Begin PBXResourcesBuildPhase section */
		7FD9549C261A98B400AE7F7E /* Resources */ = {
			isa = PBXResourcesBuildPhase;
			buildActionMask = 2147483647;
			files = (
				7FD954AE261A98E300AE7F7E /* LaunchScreen.storyboard in Resources */,
				7FD954AB261A98E300AE7F7E /* Assets.xcassets in Resources */,
				7FD954A9261A98B700AE7F7E /* Main.storyboard in Resources */,
			);
			runOnlyForDeploymentPostprocessing = 0;
		};
		7FD954B2261A98E500AE7F7E /* Resources */ = {
			isa = PBXResourcesBuildPhase;
			buildActionMask = 2147483647;
			files = (
			);
			runOnlyForDeploymentPostprocessing = 0;
		};
		7FD954BD261A98E500AE7F7E /* Resources */ = {
			isa = PBXResourcesBuildPhase;
			buildActionMask = 2147483647;
			files = (
			);
			runOnlyForDeploymentPostprocessing = 0;
		};
/* End PBXResourcesBuildPhase section */

/* Begin PBXSourcesBuildPhase section */
		7FD9549A261A98B400AE7F7E /* Sources */ = {
			isa = PBXSourcesBuildPhase;
			buildActionMask = 2147483647;
			files = (
				7FD954A6261A98B500AE7F7E /* ViewController.swift in Sources */,
				7FD954A2261A98B500AE7F7E /* AppDelegate.swift in Sources */,
				7FD954DC261AF36700AE7F7E /* Parser.swift in Sources */,
				7FD954D6261AEF3200AE7F7E /* UserModel.swift in Sources */,
				7FD954A4261A98B500AE7F7E /* SceneDelegate.swift in Sources */,
			);
			runOnlyForDeploymentPostprocessing = 0;
		};
		7FD954B0261A98E500AE7F7E /* Sources */ = {
			isa = PBXSourcesBuildPhase;
			buildActionMask = 2147483647;
			files = (
				7FD954B9261A98E500AE7F7E /* MVVM_REST_APITests.swift in Sources */,
			);
			runOnlyForDeploymentPostprocessing = 0;
		};
		7FD954BB261A98E500AE7F7E /* Sources */ = {
			isa = PBXSourcesBuildPhase;
			buildActionMask = 2147483647;
			files = (
				7FD954C4261A98E500AE7F7E /* MVVM_REST_APIUITests.swift in Sources */,
			);
			runOnlyForDeploymentPostprocessing = 0;
		};
/* End PBXSourcesBuildPhase section */

/* Begin PBXTargetDependency section */
		7FD954B6261A98E500AE7F7E /* PBXTargetDependency */ = {
			isa = PBXTargetDependency;
			target = 7FD9549D261A98B400AE7F7E /* MVVM-REST-API */;
			targetProxy = 7FD954B5261A98E500AE7F7E /* PBXContainerItemProxy */;
		};
		7FD954C1261A98E500AE7F7E /* PBXTargetDependency */ = {
			isa = PBXTargetDependency;
			target = 7FD9549D261A98B400AE7F7E /* MVVM-REST-API */;
			targetProxy = 7FD954C0261A98E500AE7F7E /* PBXContainerItemProxy */;
		};
/* End PBXTargetDependency section */

/* Begin PBXVariantGroup section */
		7FD954A7261A98B700AE7F7E /* Main.storyboard */ = {
			isa = PBXVariantGroup;
			children = (
				7FD954A8261A98B700AE7F7E /* Base */,
			);
			name = Main.storyboard;
			sourceTree = "<group>";
		};
		7FD954AC261A98E300AE7F7E /* LaunchScreen.storyboard */ = {
			isa = PBXVariantGroup;
			children = (
				7FD954AD261A98E300AE7F7E /* Base */,
			);
			name = LaunchScreen.storyboard;
			sourceTree = "<group>";
		};
/* End PBXVariantGroup section */

/* Begin XCBuildConfiguration section */
		7FD954C6261A98E500AE7F7E /* Debug */ = {
			isa = XCBuildConfiguration;
			buildSettings = {
				ALWAYS_SEARCH_USER_PATHS = NO;
				CLANG_ANALYZER_NONNULL = YES;
				CLANG_ANALYZER_NUMBER_OBJECT_CONVERSION = YES_AGGRESSIVE;
				CLANG_CXX_LANGUAGE_STANDARD = "gnu++14";
				CLANG_CXX_LIBRARY = "libc++";
				CLANG_ENABLE_MODULES = YES;
				CLANG_ENABLE_OBJC_ARC = YES;
				CLANG_ENABLE_OBJC_WEAK = YES;
				CLANG_WARN_BLOCK_CAPTURE_AUTORELEASING = YES;
				CLANG_WARN_BOOL_CONVERSION = YES;
				CLANG_WARN_COMMA = YES;
				CLANG_WARN_CONSTANT_CONVERSION = YES;
				CLANG_WARN_DEPRECATED_OBJC_IMPLEMENTATIONS = YES;
				CLANG_WARN_DIRECT_OBJC_ISA_USAGE = YES_ERROR;
				CLANG_WARN_DOCUMENTATION_COMMENTS = YES;
				CLANG_WARN_EMPTY_BODY = YES;
				CLANG_WARN_ENUM_CONVERSION = YES;
				CLANG_WARN_INFINITE_RECURSION = YES;
				CLANG_WARN_INT_CONVERSION = YES;
				CLANG_WARN_NON_LITERAL_NULL_CONVERSION = YES;
				CLANG_WARN_OBJC_IMPLICIT_RETAIN_SELF = YES;
				CLANG_WARN_OBJC_LITERAL_CONVERSION = YES;
				CLANG_WARN_OBJC_ROOT_CLASS = YES_ERROR;
				CLANG_WARN_QUOTED_INCLUDE_IN_FRAMEWORK_HEADER = YES;
				CLANG_WARN_RANGE_LOOP_ANALYSIS = YES;
				CLANG_WARN_STRICT_PROTOTYPES = YES;
				CLANG_WARN_SUSPICIOUS_MOVE = YES;
				CLANG_WARN_UNGUARDED_AVAILABILITY = YES_AGGRESSIVE;
				CLANG_WARN_UNREACHABLE_CODE = YES;
				CLANG_WARN__DUPLICATE_METHOD_MATCH = YES;
				COPY_PHASE_STRIP = NO;
				DEBUG_INFORMATION_FORMAT = dwarf;
				ENABLE_STRICT_OBJC_MSGSEND = YES;
				ENABLE_TESTABILITY = YES;
				GCC_C_LANGUAGE_STANDARD = gnu11;
				GCC_DYNAMIC_NO_PIC = NO;
				GCC_NO_COMMON_BLOCKS = YES;
				GCC_OPTIMIZATION_LEVEL = 0;
				GCC_PREPROCESSOR_DEFINITIONS = (
					"DEBUG=1",
					"$(inherited)",
				);
				GCC_WARN_64_TO_32_BIT_CONVERSION = YES;
				GCC_WARN_ABOUT_RETURN_TYPE = YES_ERROR;
				GCC_WARN_UNDECLARED_SELECTOR = YES;
				GCC_WARN_UNINITIALIZED_AUTOS = YES_AGGRESSIVE;
				GCC_WARN_UNUSED_FUNCTION = YES;
				GCC_WARN_UNUSED_VARIABLE = YES;
				IPHONEOS_DEPLOYMENT_TARGET = 14.4;
				MTL_ENABLE_DEBUG_INFO = INCLUDE_SOURCE;
				MTL_FAST_MATH = YES;
				ONLY_ACTIVE_ARCH = YES;
				SDKROOT = iphoneos;
				SWIFT_ACTIVE_COMPILATION_CONDITIONS = DEBUG;
				SWIFT_OPTIMIZATION_LEVEL = "-Onone";
			};
			name = Debug;
		};
		7FD954C7261A98E500AE7F7E /* Release */ = {
			isa = XCBuildConfiguration;
			buildSettings = {
				ALWAYS_SEARCH_USER_PATHS = NO;
				CLANG_ANALYZER_NONNULL = YES;
				CLANG_ANALYZER_NUMBER_OBJECT_CONVERSION = YES_AGGRESSIVE;
				CLANG_CXX_LANGUAGE_STANDARD = "gnu++14";
				CLANG_CXX_LIBRARY = "libc++";
				CLANG_ENABLE_MODULES = YES;
				CLANG_ENABLE_OBJC_ARC = YES;
				CLANG_ENABLE_OBJC_WEAK = YES;
				CLANG_WARN_BLOCK_CAPTURE_AUTORELEASING = YES;
				CLANG_WARN_BOOL_CONVERSION = YES;
				CLANG_WARN_COMMA = YES;
				CLANG_WARN_CONSTANT_CONVERSION = YES;
				CLANG_WARN_DEPRECATED_OBJC_IMPLEMENTATIONS = YES;
				CLANG_WARN_DIRECT_OBJC_ISA_USAGE = YES_ERROR;
				CLANG_WARN_DOCUMENTATION_COMMENTS = YES;
				CLANG_WARN_EMPTY_BODY = YES;
				CLANG_WARN_ENUM_CONVERSION = YES;
				CLANG_WARN_INFINITE_RECURSION = YES;
				CLANG_WARN_INT_CONVERSION = YES;
				CLANG_WARN_NON_LITERAL_NULL_CONVERSION = YES;
				CLANG_WARN_OBJC_IMPLICIT_RETAIN_SELF = YES;
				CLANG_WARN_OBJC_LITERAL_CONVERSION = YES;
				CLANG_WARN_OBJC_ROOT_CLASS = YES_ERROR;
				CLANG_WARN_QUOTED_INCLUDE_IN_FRAMEWORK_HEADER = YES;
				CLANG_WARN_RANGE_LOOP_ANALYSIS = YES;
				CLANG_WARN_STRICT_PROTOTYPES = YES;
				CLANG_WARN_SUSPICIOUS_MOVE = YES;
				CLANG_WARN_UNGUARDED_AVAILABILITY = YES_AGGRESSIVE;
				CLANG_WARN_UNREACHABLE_CODE = YES;
				CLANG_WARN__DUPLICATE_METHOD_MATCH = YES;
				COPY_PHASE_STRIP = NO;
				DEBUG_INFORMATION_FORMAT = "dwarf-with-dsym";
				ENABLE_NS_ASSERTIONS = NO;
				ENABLE_STRICT_OBJC_MSGSEND = YES;
				GCC_C_LANGUAGE_STANDARD = gnu11;
				GCC_NO_COMMON_BLOCKS = YES;
				GCC_WARN_64_TO_32_BIT_CONVERSION = YES;
				GCC_WARN_ABOUT_RETURN_TYPE = YES_ERROR;
				GCC_WARN_UNDECLARED_SELECTOR = YES;
				GCC_WARN_UNINITIALIZED_AUTOS = YES_AGGRESSIVE;
				GCC_WARN_UNUSED_FUNCTION = YES;
				GCC_WARN_UNUSED_VARIABLE = YES;
				IPHONEOS_DEPLOYMENT_TARGET = 14.4;
				MTL_ENABLE_DEBUG_INFO = NO;
				MTL_FAST_MATH = YES;
				SDKROOT = iphoneos;
				SWIFT_COMPILATION_MODE = wholemodule;
				SWIFT_OPTIMIZATION_LEVEL = "-O";
				VALIDATE_PRODUCT = YES;
			};
			name = Release;
		};
		7FD954C9261A98E500AE7F7E /* Debug */ = {
			isa = XCBuildConfiguration;
			buildSettings = {
				ASSETCATALOG_COMPILER_APPICON_NAME = AppIcon;
				ASSETCATALOG_COMPILER_GLOBAL_ACCENT_COLOR_NAME = AccentColor;
				CODE_SIGN_STYLE = Automatic;
				DEVELOPMENT_TEAM = DZ427MCGG7;
				INFOPLIST_FILE = "MVVM-REST-API/Info.plist";
				LD_RUNPATH_SEARCH_PATHS = (
					"$(inherited)",
					"@executable_path/Frameworks",
				);
				PRODUCT_BUNDLE_IDENTIFIER = "com.devAngelo.MVVM-REST-API";
				PRODUCT_NAME = "$(TARGET_NAME)";
				SWIFT_VERSION = 5.0;
				TARGETED_DEVICE_FAMILY = "1,2";
			};
			name = Debug;
		};
		7FD954CA261A98E500AE7F7E /* Release */ = {
			isa = XCBuildConfiguration;
			buildSettings = {
				ASSETCATALOG_COMPILER_APPICON_NAME = AppIcon;
				ASSETCATALOG_COMPILER_GLOBAL_ACCENT_COLOR_NAME = AccentColor;
				CODE_SIGN_STYLE = Automatic;
				DEVELOPMENT_TEAM = DZ427MCGG7;
				INFOPLIST_FILE = "MVVM-REST-API/Info.plist";
				LD_RUNPATH_SEARCH_PATHS = (
					"$(inherited)",
					"@executable_path/Frameworks",
				);
				PRODUCT_BUNDLE_IDENTIFIER = "com.devAngelo.MVVM-REST-API";
				PRODUCT_NAME = "$(TARGET_NAME)";
				SWIFT_VERSION = 5.0;
				TARGETED_DEVICE_FAMILY = "1,2";
			};
			name = Release;
		};
		7FD954CC261A98E500AE7F7E /* Debug */ = {
			isa = XCBuildConfiguration;
			buildSettings = {
				ALWAYS_EMBED_SWIFT_STANDARD_LIBRARIES = YES;
				BUNDLE_LOADER = "$(TEST_HOST)";
				CODE_SIGN_STYLE = Automatic;
				DEVELOPMENT_TEAM = DZ427MCGG7;
				INFOPLIST_FILE = "MVVM-REST-APITests/Info.plist";
				IPHONEOS_DEPLOYMENT_TARGET = 14.4;
				LD_RUNPATH_SEARCH_PATHS = (
					"$(inherited)",
					"@executable_path/Frameworks",
					"@loader_path/Frameworks",
				);
				PRODUCT_BUNDLE_IDENTIFIER = "com.devAngelo.MVVM-REST-APITests";
				PRODUCT_NAME = "$(TARGET_NAME)";
				SWIFT_VERSION = 5.0;
				TARGETED_DEVICE_FAMILY = "1,2";
				TEST_HOST = "$(BUILT_PRODUCTS_DIR)/MVVM-REST-API.app/MVVM-REST-API";
			};
			name = Debug;
		};
		7FD954CD261A98E500AE7F7E /* Release */ = {
			isa = XCBuildConfiguration;
			buildSettings = {
				ALWAYS_EMBED_SWIFT_STANDARD_LIBRARIES = YES;
				BUNDLE_LOADER = "$(TEST_HOST)";
				CODE_SIGN_STYLE = Automatic;
				DEVELOPMENT_TEAM = DZ427MCGG7;
				INFOPLIST_FILE = "MVVM-REST-APITests/Info.plist";
				IPHONEOS_DEPLOYMENT_TARGET = 14.4;
				LD_RUNPATH_SEARCH_PATHS = (
					"$(inherited)",
					"@executable_path/Frameworks",
					"@loader_path/Frameworks",
				);
				PRODUCT_BUNDLE_IDENTIFIER = "com.devAngelo.MVVM-REST-APITests";
				PRODUCT_NAME = "$(TARGET_NAME)";
				SWIFT_VERSION = 5.0;
				TARGETED_DEVICE_FAMILY = "1,2";
				TEST_HOST = "$(BUILT_PRODUCTS_DIR)/MVVM-REST-API.app/MVVM-REST-API";
			};
			name = Release;
		};
		7FD954CF261A98E500AE7F7E /* Debug */ = {
			isa = XCBuildConfiguration;
			buildSettings = {
				ALWAYS_EMBED_SWIFT_STANDARD_LIBRARIES = YES;
				CODE_SIGN_STYLE = Automatic;
				DEVELOPMENT_TEAM = DZ427MCGG7;
				INFOPLIST_FILE = "MVVM-REST-APIUITests/Info.plist";
				LD_RUNPATH_SEARCH_PATHS = (
					"$(inherited)",
					"@executable_path/Frameworks",
					"@loader_path/Frameworks",
				);
				PRODUCT_BUNDLE_IDENTIFIER = "com.devAngelo.MVVM-REST-APIUITests";
				PRODUCT_NAME = "$(TARGET_NAME)";
				SWIFT_VERSION = 5.0;
				TARGETED_DEVICE_FAMILY = "1,2";
				TEST_TARGET_NAME = "MVVM-REST-API";
			};
			name = Debug;
		};
		7FD954D0261A98E500AE7F7E /* Release */ = {
			isa = XCBuildConfiguration;
			buildSettings = {
				ALWAYS_EMBED_SWIFT_STANDARD_LIBRARIES = YES;
				CODE_SIGN_STYLE = Automatic;
				DEVELOPMENT_TEAM = DZ427MCGG7;
				INFOPLIST_FILE = "MVVM-REST-APIUITests/Info.plist";
				LD_RUNPATH_SEARCH_PATHS = (
					"$(inherited)",
					"@executable_path/Frameworks",
					"@loader_path/Frameworks",
				);
				PRODUCT_BUNDLE_IDENTIFIER = "com.devAngelo.MVVM-REST-APIUITests";
				PRODUCT_NAME = "$(TARGET_NAME)";
				SWIFT_VERSION = 5.0;
				TARGETED_DEVICE_FAMILY = "1,2";
				TEST_TARGET_NAME = "MVVM-REST-API";
			};
			name = Release;
		};
/* End XCBuildConfiguration section */

/* Begin XCConfigurationList section */
		7FD95499261A98B300AE7F7E /* Build configuration list for PBXProject "MVVM-REST-API" */ = {
			isa = XCConfigurationList;
			buildConfigurations = (
				7FD954C6261A98E500AE7F7E /* Debug */,
				7FD954C7261A98E500AE7F7E /* Release */,
			);
			defaultConfigurationIsVisible = 0;
			defaultConfigurationName = Release;
		};
		7FD954C8261A98E500AE7F7E /* Build configuration list for PBXNativeTarget "MVVM-REST-API" */ = {
			isa = XCConfigurationList;
			buildConfigurations = (
				7FD954C9261A98E500AE7F7E /* Debug */,
				7FD954CA261A98E500AE7F7E /* Release */,
			);
			defaultConfigurationIsVisible = 0;
			defaultConfigurationName = Release;
		};
		7FD954CB261A98E500AE7F7E /* Build configuration list for PBXNativeTarget "MVVM-REST-APITests" */ = {
			isa = XCConfigurationList;
			buildConfigurations = (
				7FD954CC261A98E500AE7F7E /* Debug */,
				7FD954CD261A98E500AE7F7E /* Release */,
			);
			defaultConfigurationIsVisible = 0;
			defaultConfigurationName = Release;
		};
		7FD954CE261A98E500AE7F7E /* Build configuration list for PBXNativeTarget "MVVM-REST-APIUITests" */ = {
			isa = XCConfigurationList;
			buildConfigurations = (
				7FD954CF261A98E500AE7F7E /* Debug */,
				7FD954D0261A98E500AE7F7E /* Release */,
			);
			defaultConfigurationIsVisible = 0;
			defaultConfigurationName = Release;
		};
/* End XCConfigurationList section */
	};
	rootObject = 7FD95496261A98B300AE7F7E /* Project object */;
}
